
Microsoft Visual Studio Solution File, Format Version 12.00
# Visual Studio Version 17
VisualStudioVersion = 17.5.002.0
MinimumVisualStudioVersion = 10.0.40219.1
Project("{9A19103F-16F7-4668-BE54-9A1E7A4F7556}") = "Projeto_Web-Lh_Pets_Alunos", "Projeto Web-Lh Pets versão 1.csproj", "{A5307EFC-89A8-400B-B377-DE8125BD5C0C}"
EndProject
Global
	GlobalSection(SolutionConfigurationPlatforms) = preSolution
		Debug|Any CPU = Debug|Any CPU
		Release|Any CPU = Release|Any CPU
	EndGlobalSection
	GlobalSection(ProjectConfigurationPlatforms) = postSolution
		{A5307EFC-89A8-400B-B377-DE8125BD5C0C}.Debug|Any CPU.ActiveCfg = Debug|Any CPU
		{A5307EFC-89A8-400B-B377-DE8125BD5C0C}.Debug|Any CPU.Build.0 = Debug|Any CPU
		{A5307EFC-89A8-400B-B377-DE8125BD5C0C}.Release|Any CPU.ActiveCfg = Release|Any CPU
		{A5307EFC-89A8-400B-B377-DE8125BD5C0C}.Release|Any CPU.Build.0 = Release|Any CPU
	EndGlobalSection
	GlobalSection(SolutionProperties) = preSolution
		HideSolutionNode = FALSE
	EndGlobalSection
	GlobalSection(ExtensibilityGlobals) = postSolution
		SolutionGuid = {767D0181-C0D8-4D12-A1E9-C4E17C3A297B}
	EndGlobalSection
EndGlobal
